{
  "version": 4,
  "terraform_version": "1.8.5",
  "serial": 1312,
  "lineage": "5971223e-a60c-453c-758e-e5d25b7f65a6",
  "outputs": {
    "api_gateway_url": {
      "value": "https://arn:aws:execute-api:us-west-1:211125324204:bb0vc8hzfg/dev",
      "type": "string"
    },
    "aws_iam_role_arn": {
      "value": "arn:aws:iam::211125324204:role/development_lambda",
      "type": "string"
    },
    "dynamodb_table_viaje_destino_arn": {
      "value": "arn:aws:dynamodb:us-west-1:211125324204:table/ViajeDestino",
      "type": "string"
    },
    "dynamodb_table_viaje_origen_arn": {
      "value": "arn:aws:dynamodb:us-west-1:211125324204:table/ViajeOrigen",
      "type": "string"
    }
  },
  "resources": [
    {
      "mode": "data",
      "type": "archive_file",
      "name": "buscarviaje",
      "provider": "provider[\"registry.terraform.io/hashicorp/archive\"]",
      "instances": [
        {
          "schema_version": 0,
          "attributes": {
            "exclude_symlink_directories": null,
            "excludes": null,
            "id": "ded9f002bd2c481eb045d152733dee78b6d4d8b9",
            "output_base64sha256": "xdpfpQ9fyZs4BQNzcgcq8mVxl4MPxPp6bdcxzf/CHE8=",
            "output_base64sha512": "QVUq2IWFW7ye3E40JhH98MEhXDV+Jfi9RDdDLF768CqY2H268iRhvRl0rWQ7q+0oe5bLs1NqrDPYsUdXo8Wj/g==",
            "output_file_mode": null,
            "output_md5": "f9db4273043b172496e2d9e83e006e8d",
            "output_path": "bin/buscarViaje.zip",
            "output_sha": "ded9f002bd2c481eb045d152733dee78b6d4d8b9",
            "output_sha256": "c5da5fa50f5fc99b3805037372072af2657197830fc4fa7a6dd731cdffc21c4f",
            "output_sha512": "41552ad885855bbc9edc4e342611fdf0c1215c357e25f8bd4437432c5efaf02a98d87dbaf22461bd1974ad643babed287b96cbb3536aac33d8b14757a3c5a3fe",
            "output_size": 242,
            "source": [],
            "source_content": null,
            "source_content_filename": null,
            "source_dir": "../src/buscarViaje",
            "source_file": null,
            "type": "zip"
          },
          "sensitive_attributes": []
        }
      ]
    },
    {
      "mode": "data",
      "type": "archive_file",
      "name": "hello",
      "provider": "provider[\"registry.terraform.io/hashicorp/archive\"]",
      "instances": [
        {
          "schema_version": 0,
          "attributes": {
            "exclude_symlink_directories": null,
            "excludes": null,
            "id": "ded9f002bd2c481eb045d152733dee78b6d4d8b9",
            "output_base64sha256": "xdpfpQ9fyZs4BQNzcgcq8mVxl4MPxPp6bdcxzf/CHE8=",
            "output_base64sha512": "QVUq2IWFW7ye3E40JhH98MEhXDV+Jfi9RDdDLF768CqY2H268iRhvRl0rWQ7q+0oe5bLs1NqrDPYsUdXo8Wj/g==",
            "output_file_mode": null,
            "output_md5": "f9db4273043b172496e2d9e83e006e8d",
            "output_path": "bin/hello.zip",
            "output_sha": "ded9f002bd2c481eb045d152733dee78b6d4d8b9",
            "output_sha256": "c5da5fa50f5fc99b3805037372072af2657197830fc4fa7a6dd731cdffc21c4f",
            "output_sha512": "41552ad885855bbc9edc4e342611fdf0c1215c357e25f8bd4437432c5efaf02a98d87dbaf22461bd1974ad643babed287b96cbb3536aac33d8b14757a3c5a3fe",
            "output_size": 242,
            "source": [],
            "source_content": null,
            "source_content_filename": null,
            "source_dir": "../src/hello",
            "source_file": null,
            "type": "zip"
          },
          "sensitive_attributes": []
        }
      ]
    },
    {
      "mode": "data",
      "type": "archive_file",
      "name": "publicarviaje1",
      "provider": "provider[\"registry.terraform.io/hashicorp/archive\"]",
      "instances": [
        {
          "schema_version": 0,
          "attributes": {
            "exclude_symlink_directories": null,
            "excludes": null,
            "id": "0374562ab423f6defdd3a283023cb81a8eecdf86",
            "output_base64sha256": "lheWErplyPfAW9b33C6Y6XVXStQvCW1UHCRAKCrPEAg=",
            "output_base64sha512": "TJdkwboCcVRQJAEpkfS1IT31HRI9n1M5xKstS7TJooLLeZ+NJG7nHxZN2iLJFJ9z2IotBC8X26Ea9c4EJMeMPg==",
            "output_file_mode": null,
            "output_md5": "ecd0971193d795417522582afda548fd",
            "output_path": "bin/publicarViaje1.zip",
            "output_sha": "0374562ab423f6defdd3a283023cb81a8eecdf86",
            "output_sha256": "96179612ba65c8f7c05bd6f7dc2e98e975574ad42f096d541c2440282acf1008",
            "output_sha512": "4c9764c1ba0271545024012991f4b5213df51d123d9f5339c4ab2d4bb4c9a282cb799f8d246ee71f164dda22c9149f73d88a2d042f17dba11af5ce0424c78c3e",
            "output_size": 793,
            "source": [],
            "source_content": null,
            "source_content_filename": null,
            "source_dir": "../src/publicarViaje1",
            "source_file": null,
            "type": "zip"
          },
          "sensitive_attributes": []
        }
      ]
    },
    {
      "mode": "data",
      "type": "archive_file",
      "name": "publicarviaje2",
      "provider": "provider[\"registry.terraform.io/hashicorp/archive\"]",
      "instances": [
        {
          "schema_version": 0,
          "attributes": {
            "exclude_symlink_directories": null,
            "excludes": null,
            "id": "ced7309157aceb3b0083675323da4ad070f6d22b",
            "output_base64sha256": "z652vPPAusk9bm5VcSnzoZ0XUKtsNbuA9wNjGOcMeZM=",
            "output_base64sha512": "1vzd+Tc5gLsVuhWKpOeuqwL61Oz36uFzysCU2I4kxoJF2SIx3q8ogNe3pmMlCsU0IsFiamIE93S1FlCZ74bEBw==",
            "output_file_mode": null,
            "output_md5": "71ee1ad800a5d5ee348c5d66e41f5246",
            "output_path": "bin/publicarViaje2.zip",
            "output_sha": "ced7309157aceb3b0083675323da4ad070f6d22b",
            "output_sha256": "cfae76bcf3c0bac93d6e6e557129f3a19d1750ab6c35bb80f7036318e70c7993",
            "output_sha512": "d6fcddf9373980bb15ba158aa4e7aeab02fad4ecf7eae173cac094d88e24c68245d92231deaf2880d7b7a663250ac53422c1626a6204f774b5165099ef86c407",
            "output_size": 230,
            "source": [],
            "source_content": null,
            "source_content_filename": null,
            "source_dir": "../src/publicarViaje2",
            "source_file": null,
            "type": "zip"
          },
          "sensitive_attributes": []
        }
      ]
    },
    {
      "mode": "data",
      "type": "aws_caller_identity",
      "name": "current",
      "provider": "provider[\"registry.terraform.io/hashicorp/aws\"]",
      "instances": [
        {
          "schema_version": 0,
          "attributes": {
            "account_id": "211125324204",
            "arn": "arn:aws:sts::211125324204:assumed-role/AWSReservedSSO_AdministratorAccess_4948d4d0263020c5/euroo",
            "id": "211125324204",
            "user_id": "AROATCKAMZGWMODC3JFBM:euroo"
          },
          "sensitive_attributes": []
        }
      ]
    },
    {
      "mode": "data",
      "type": "aws_iam_policy_document",
      "name": "assume_role",
      "provider": "provider[\"registry.terraform.io/hashicorp/aws\"]",
      "instances": [
        {
          "schema_version": 0,
          "attributes": {
            "id": "1604711841",
            "json": "{\n  \"Version\": \"2012-10-17\",\n  \"Statement\": [\n    {\n      \"Effect\": \"Allow\",\n      \"Action\": \"sts:AssumeRole\",\n      \"Principal\": {\n        \"Service\": \"lambda.amazonaws.com\"\n      }\n    }\n  ]\n}",
            "minified_json": "{\"Version\":\"2012-10-17\",\"Statement\":[{\"Effect\":\"Allow\",\"Action\":\"sts:AssumeRole\",\"Principal\":{\"Service\":\"lambda.amazonaws.com\"}}]}",
            "override_json": null,
            "override_policy_documents": null,
            "policy_id": null,
            "source_json": null,
            "source_policy_documents": null,
            "statement": [
              {
                "actions": [
                  "sts:AssumeRole"
                ],
                "condition": [],
                "effect": "Allow",
                "not_actions": [],
                "not_principals": [],
                "not_resources": [],
                "principals": [
                  {
                    "identifiers": [
                      "lambda.amazonaws.com"
                    ],
                    "type": "Service"
                  }
                ],
                "resources": [],
                "sid": ""
              }
            ],
            "version": "2012-10-17"
          },
          "sensitive_attributes": []
        }
      ]
    },
    {
      "mode": "data",
      "type": "aws_iam_policy_document",
      "name": "assume_role_buscarviaje",
      "provider": "provider[\"registry.terraform.io/hashicorp/aws\"]",
      "instances": [
        {
          "schema_version": 0,
          "attributes": {
            "id": "1604711841",
            "json": "{\n  \"Version\": \"2012-10-17\",\n  \"Statement\": [\n    {\n      \"Effect\": \"Allow\",\n      \"Action\": \"sts:AssumeRole\",\n      \"Principal\": {\n        \"Service\": \"lambda.amazonaws.com\"\n      }\n    }\n  ]\n}",
            "minified_json": "{\"Version\":\"2012-10-17\",\"Statement\":[{\"Effect\":\"Allow\",\"Action\":\"sts:AssumeRole\",\"Principal\":{\"Service\":\"lambda.amazonaws.com\"}}]}",
            "override_json": null,
            "override_policy_documents": null,
            "policy_id": null,
            "source_json": null,
            "source_policy_documents": null,
            "statement": [
              {
                "actions": [
                  "sts:AssumeRole"
                ],
                "condition": [],
                "effect": "Allow",
                "not_actions": [],
                "not_principals": [],
                "not_resources": [],
                "principals": [
                  {
                    "identifiers": [
                      "lambda.amazonaws.com"
                    ],
                    "type": "Service"
                  }
                ],
                "resources": [],
                "sid": ""
              }
            ],
            "version": "2012-10-17"
          },
          "sensitive_attributes": []
        }
      ]
    },
    {
      "mode": "data",
      "type": "aws_iam_policy_document",
      "name": "assume_role_publicarviaje1",
      "provider": "provider[\"registry.terraform.io/hashicorp/aws\"]",
      "instances": [
        {
          "schema_version": 0,
          "attributes": {
            "id": "1604711841",
            "json": "{\n  \"Version\": \"2012-10-17\",\n  \"Statement\": [\n    {\n      \"Effect\": \"Allow\",\n      \"Action\": \"sts:AssumeRole\",\n      \"Principal\": {\n        \"Service\": \"lambda.amazonaws.com\"\n      }\n    }\n  ]\n}",
            "minified_json": "{\"Version\":\"2012-10-17\",\"Statement\":[{\"Effect\":\"Allow\",\"Action\":\"sts:AssumeRole\",\"Principal\":{\"Service\":\"lambda.amazonaws.com\"}}]}",
            "override_json": null,
            "override_policy_documents": null,
            "policy_id": null,
            "source_json": null,
            "source_policy_documents": null,
            "statement": [
              {
                "actions": [
                  "sts:AssumeRole"
                ],
                "condition": [],
                "effect": "Allow",
                "not_actions": [],
                "not_principals": [],
                "not_resources": [],
                "principals": [
                  {
                    "identifiers": [
                      "lambda.amazonaws.com"
                    ],
                    "type": "Service"
                  }
                ],
                "resources": [],
                "sid": ""
              }
            ],
            "version": "2012-10-17"
          },
          "sensitive_attributes": []
        }
      ]
    },
    {
      "mode": "data",
      "type": "aws_iam_policy_document",
      "name": "assume_role_publicarviaje2",
      "provider": "provider[\"registry.terraform.io/hashicorp/aws\"]",
      "instances": [
        {
          "schema_version": 0,
          "attributes": {
            "id": "1604711841",
            "json": "{\n  \"Version\": \"2012-10-17\",\n  \"Statement\": [\n    {\n      \"Effect\": \"Allow\",\n      \"Action\": \"sts:AssumeRole\",\n      \"Principal\": {\n        \"Service\": \"lambda.amazonaws.com\"\n      }\n    }\n  ]\n}",
            "minified_json": "{\"Version\":\"2012-10-17\",\"Statement\":[{\"Effect\":\"Allow\",\"Action\":\"sts:AssumeRole\",\"Principal\":{\"Service\":\"lambda.amazonaws.com\"}}]}",
            "override_json": null,
            "override_policy_documents": null,
            "policy_id": null,
            "source_json": null,
            "source_policy_documents": null,
            "statement": [
              {
                "actions": [
                  "sts:AssumeRole"
                ],
                "condition": [],
                "effect": "Allow",
                "not_actions": [],
                "not_principals": [],
                "not_resources": [],
                "principals": [
                  {
                    "identifiers": [
                      "lambda.amazonaws.com"
                    ],
                    "type": "Service"
                  }
                ],
                "resources": [],
                "sid": ""
              }
            ],
            "version": "2012-10-17"
          },
          "sensitive_attributes": []
        }
      ]
    },
    {
      "mode": "managed",
      "type": "aws_api_gateway_method",
      "name": "mymethod",
      "provider": "provider[\"registry.terraform.io/hashicorp/aws\"]",
      "instances": [
        {
          "schema_version": 0,
          "attributes": {
            "api_key_required": false,
            "authorization": "NONE",
            "authorization_scopes": null,
            "authorizer_id": null,
            "http_method": "GET",
            "id": "agm-bb0vc8hzfg-j8jn1v-GET",
            "operation_name": null,
            "request_models": null,
            "request_parameters": null,
            "request_validator_id": null,
            "resource_id": "j8jn1v",
            "rest_api_id": "bb0vc8hzfg"
          },
          "sensitive_attributes": [],
          "private": "bnVsbA==",
          "dependencies": [
            "aws_api_gateway_resource.myresource",
            "aws_api_gateway_rest_api.myapi"
          ]
        }
      ]
    },
    {
      "mode": "managed",
      "type": "aws_api_gateway_method",
      "name": "post_buscarviaje",
      "provider": "provider[\"registry.terraform.io/hashicorp/aws\"]",
      "instances": [
        {
          "schema_version": 0,
          "attributes": {
            "api_key_required": false,
            "authorization": "NONE",
            "authorization_scopes": null,
            "authorizer_id": null,
            "http_method": "POST",
            "id": "agm-bb0vc8hzfg-te26ih-POST",
            "operation_name": null,
            "request_models": null,
            "request_parameters": null,
            "request_validator_id": null,
            "resource_id": "te26ih",
            "rest_api_id": "bb0vc8hzfg"
          },
          "sensitive_attributes": [],
          "private": "bnVsbA==",
          "dependencies": [
            "aws_api_gateway_resource.resource_buscarviaje",
            "aws_api_gateway_rest_api.myapi"
          ]
        }
      ]
    },
    {
      "mode": "managed",
      "type": "aws_api_gateway_method",
      "name": "post_publicarviaje1",
      "provider": "provider[\"registry.terraform.io/hashicorp/aws\"]",
      "instances": [
        {
          "schema_version": 0,
          "attributes": {
            "api_key_required": false,
            "authorization": "NONE",
            "authorization_scopes": null,
            "authorizer_id": null,
            "http_method": "POST",
            "id": "agm-bb0vc8hzfg-488cny-POST",
            "operation_name": null,
            "request_models": null,
            "request_parameters": null,
            "request_validator_id": null,
            "resource_id": "488cny",
            "rest_api_id": "bb0vc8hzfg"
          },
          "sensitive_attributes": [],
          "private": "bnVsbA==",
          "dependencies": [
            "aws_api_gateway_resource.resource_publicarviaje1",
            "aws_api_gateway_rest_api.myapi"
          ]
        }
      ]
    },
    {
      "mode": "managed",
      "type": "aws_api_gateway_method",
      "name": "post_publicarviaje2",
      "provider": "provider[\"registry.terraform.io/hashicorp/aws\"]",
      "instances": [
        {
          "schema_version": 0,
          "attributes": {
            "api_key_required": false,
            "authorization": "NONE",
            "authorization_scopes": null,
            "authorizer_id": null,
            "http_method": "POST",
            "id": "agm-bb0vc8hzfg-fb7cfh-POST",
            "operation_name": null,
            "request_models": null,
            "request_parameters": null,
            "request_validator_id": null,
            "resource_id": "fb7cfh",
            "rest_api_id": "bb0vc8hzfg"
          },
          "sensitive_attributes": [],
          "private": "bnVsbA==",
          "dependencies": [
            "aws_api_gateway_resource.resource_publicarviaje2",
            "aws_api_gateway_rest_api.myapi"
          ]
        }
      ]
    },
    {
      "mode": "managed",
      "type": "aws_api_gateway_resource",
      "name": "myresource",
      "provider": "provider[\"registry.terraform.io/hashicorp/aws\"]",
      "instances": [
        {
          "schema_version": 0,
          "attributes": {
            "id": "j8jn1v",
            "parent_id": "rsr74b8o8e",
            "path": "/test",
            "path_part": "test",
            "rest_api_id": "bb0vc8hzfg"
          },
          "sensitive_attributes": [],
          "private": "bnVsbA==",
          "dependencies": [
            "aws_api_gateway_rest_api.myapi"
          ]
        }
      ]
    },
    {
      "mode": "managed",
      "type": "aws_api_gateway_resource",
      "name": "resource_buscarviaje",
      "provider": "provider[\"registry.terraform.io/hashicorp/aws\"]",
      "instances": [
        {
          "schema_version": 0,
          "attributes": {
            "id": "te26ih",
            "parent_id": "rsr74b8o8e",
            "path": "/buscar-viaje",
            "path_part": "buscar-viaje",
            "rest_api_id": "bb0vc8hzfg"
          },
          "sensitive_attributes": [],
          "private": "bnVsbA==",
          "dependencies": [
            "aws_api_gateway_rest_api.myapi"
          ]
        }
      ]
    },
    {
      "mode": "managed",
      "type": "aws_api_gateway_resource",
      "name": "resource_publicarviaje1",
      "provider": "provider[\"registry.terraform.io/hashicorp/aws\"]",
      "instances": [
        {
          "schema_version": 0,
          "attributes": {
            "id": "488cny",
            "parent_id": "rsr74b8o8e",
            "path": "/publicar-viaje",
            "path_part": "publicar-viaje",
            "rest_api_id": "bb0vc8hzfg"
          },
          "sensitive_attributes": [],
          "private": "bnVsbA==",
          "dependencies": [
            "aws_api_gateway_rest_api.myapi"
          ]
        }
      ]
    },
    {
      "mode": "managed",
      "type": "aws_api_gateway_resource",
      "name": "resource_publicarviaje2",
      "provider": "provider[\"registry.terraform.io/hashicorp/aws\"]",
      "instances": [
        {
          "schema_version": 0,
          "attributes": {
            "id": "fb7cfh",
            "parent_id": "rsr74b8o8e",
            "path": "/publicar-viaje2",
            "path_part": "publicar-viaje2",
            "rest_api_id": "bb0vc8hzfg"
          },
          "sensitive_attributes": [],
          "private": "bnVsbA==",
          "dependencies": [
            "aws_api_gateway_rest_api.myapi"
          ]
        }
      ]
    },
    {
      "mode": "managed",
      "type": "aws_api_gateway_rest_api",
      "name": "myapi",
      "provider": "provider[\"registry.terraform.io/hashicorp/aws\"]",
      "instances": [
        {
          "schema_version": 0,
          "attributes": {
            "api_key_source": "HEADER",
            "arn": "arn:aws:apigateway:us-west-1::/restapis/bb0vc8hzfg",
            "binary_media_types": [],
            "body": null,
            "created_date": "2024-07-04T23:07:56Z",
            "description": "My API Gateway",
            "disable_execute_api_endpoint": false,
            "endpoint_configuration": [
              {
                "types": [
                  "EDGE"
                ],
                "vpc_endpoint_ids": []
              }
            ],
            "execution_arn": "arn:aws:execute-api:us-west-1:211125324204:bb0vc8hzfg",
            "fail_on_warnings": null,
            "id": "bb0vc8hzfg",
            "minimum_compression_size": "",
            "name": "MyAPI",
            "parameters": null,
            "policy": "",
            "put_rest_api_mode": null,
            "root_resource_id": "rsr74b8o8e",
            "tags": null,
            "tags_all": {
              "department": "Innovation",
              "environment": "development",
              "owner": "euroo"
            }
          },
          "sensitive_attributes": [],
          "private": "bnVsbA=="
        }
      ]
    },
    {
      "mode": "managed",
      "type": "aws_dynamodb_table",
      "name": "viaje_destino",
      "provider": "provider[\"registry.terraform.io/hashicorp/aws\"]",
      "instances": [
        {
          "schema_version": 1,
          "attributes": {
            "arn": "arn:aws:dynamodb:us-west-1:211125324204:table/ViajeDestino",
            "attribute": [
              {
                "name": "id",
                "type": "S"
              }
            ],
            "billing_mode": "PAY_PER_REQUEST",
            "deletion_protection_enabled": false,
            "global_secondary_index": [],
            "hash_key": "id",
            "id": "ViajeDestino",
            "import_table": [],
            "local_secondary_index": [],
            "name": "ViajeDestino",
            "point_in_time_recovery": [
              {
                "enabled": false
              }
            ],
            "range_key": null,
            "read_capacity": 0,
            "replica": [],
            "restore_date_time": null,
            "restore_source_name": null,
            "restore_to_latest_time": null,
            "server_side_encryption": [],
            "stream_arn": "",
            "stream_enabled": false,
            "stream_label": "",
            "stream_view_type": "",
            "table_class": "STANDARD",
            "tags": {
              "department": "Innovation",
              "environment": "development",
              "owner": "euroo"
            },
            "tags_all": {
              "department": "Innovation",
              "environment": "development",
              "owner": "euroo"
            },
            "timeouts": null,
            "ttl": [
              {
                "attribute_name": "",
                "enabled": false
              }
            ],
            "write_capacity": 0
          },
          "sensitive_attributes": [],
          "private": "eyJlMmJmYjczMC1lY2FhLTExZTYtOGY4OC0zNDM2M2JjN2M0YzAiOnsiY3JlYXRlIjoxODAwMDAwMDAwMDAwLCJkZWxldGUiOjYwMDAwMDAwMDAwMCwidXBkYXRlIjozNjAwMDAwMDAwMDAwfSwic2NoZW1hX3ZlcnNpb24iOiIxIn0="
        }
      ]
    },
    {
      "mode": "managed",
      "type": "aws_dynamodb_table",
      "name": "viaje_origen",
      "provider": "provider[\"registry.terraform.io/hashicorp/aws\"]",
      "instances": [
        {
          "schema_version": 1,
          "attributes": {
            "arn": "arn:aws:dynamodb:us-west-1:211125324204:table/ViajeOrigen",
            "attribute": [
              {
                "name": "id",
                "type": "S"
              }
            ],
            "billing_mode": "PAY_PER_REQUEST",
            "deletion_protection_enabled": false,
            "global_secondary_index": [],
            "hash_key": "id",
            "id": "ViajeOrigen",
            "import_table": [],
            "local_secondary_index": [],
            "name": "ViajeOrigen",
            "point_in_time_recovery": [
              {
                "enabled": false
              }
            ],
            "range_key": null,
            "read_capacity": 0,
            "replica": [],
            "restore_date_time": null,
            "restore_source_name": null,
            "restore_to_latest_time": null,
            "server_side_encryption": [],
            "stream_arn": "",
            "stream_enabled": false,
            "stream_label": "",
            "stream_view_type": "",
            "table_class": "STANDARD",
            "tags": {
              "department": "Innovation",
              "environment": "development",
              "owner": "euroo"
            },
            "tags_all": {
              "department": "Innovation",
              "environment": "development",
              "owner": "euroo"
            },
            "timeouts": null,
            "ttl": [
              {
                "attribute_name": "",
                "enabled": false
              }
            ],
            "write_capacity": 0
          },
          "sensitive_attributes": [],
          "private": "eyJlMmJmYjczMC1lY2FhLTExZTYtOGY4OC0zNDM2M2JjN2M0YzAiOnsiY3JlYXRlIjoxODAwMDAwMDAwMDAwLCJkZWxldGUiOjYwMDAwMDAwMDAwMCwidXBkYXRlIjozNjAwMDAwMDAwMDAwfSwic2NoZW1hX3ZlcnNpb24iOiIxIn0="
        }
      ]
    },
    {
      "mode": "managed",
      "type": "aws_dynamodb_table",
      "name": "viajes",
      "provider": "provider[\"registry.terraform.io/hashicorp/aws\"]",
      "instances": [
        {
          "schema_version": 1,
          "attributes": {
            "arn": "arn:aws:dynamodb:us-west-1:211125324204:table/Viajes",
            "attribute": [
              {
                "name": "id",
                "type": "S"
              }
            ],
            "billing_mode": "PAY_PER_REQUEST",
            "deletion_protection_enabled": false,
            "global_secondary_index": [],
            "hash_key": "id",
            "id": "Viajes",
            "import_table": [],
            "local_secondary_index": [],
            "name": "Viajes",
            "point_in_time_recovery": [
              {
                "enabled": false
              }
            ],
            "range_key": null,
            "read_capacity": 0,
            "replica": [],
            "restore_date_time": null,
            "restore_source_name": null,
            "restore_to_latest_time": null,
            "server_side_encryption": [],
            "stream_arn": "",
            "stream_enabled": false,
            "stream_label": "",
            "stream_view_type": "",
            "table_class": "STANDARD",
            "tags": {
              "department": "Innovation",
              "environment": "development",
              "owner": "euroo"
            },
            "tags_all": {
              "department": "Innovation",
              "environment": "development",
              "owner": "euroo"
            },
            "timeouts": null,
            "ttl": [
              {
                "attribute_name": "",
                "enabled": false
              }
            ],
            "write_capacity": 0
          },
          "sensitive_attributes": [],
          "private": "eyJlMmJmYjczMC1lY2FhLTExZTYtOGY4OC0zNDM2M2JjN2M0YzAiOnsiY3JlYXRlIjoxODAwMDAwMDAwMDAwLCJkZWxldGUiOjYwMDAwMDAwMDAwMCwidXBkYXRlIjozNjAwMDAwMDAwMDAwfSwic2NoZW1hX3ZlcnNpb24iOiIxIn0="
        }
      ]
    },
    {
      "mode": "managed",
      "type": "aws_iam_policy",
      "name": "dynamodb_policy",
      "provider": "provider[\"registry.terraform.io/hashicorp/aws\"]",
      "instances": [
        {
          "schema_version": 0,
          "attributes": {
            "arn": "arn:aws:iam::211125324204:policy/DynamoDBAccessForLambda",
            "attachment_count": 0,
            "description": "Permite a la función Lambda acceder a DynamoDB",
            "id": "arn:aws:iam::211125324204:policy/DynamoDBAccessForLambda",
            "name": "DynamoDBAccessForLambda",
            "name_prefix": "",
            "path": "/",
            "policy": "{\"Statement\":[{\"Action\":[\"dynamodb:GetItem\",\"dynamodb:Scan\",\"dynamodb:Query\",\"dynamodb:UpdateItem\",\"dynamodb:PutItem\",\"dynamodb:DeleteItem\"],\"Effect\":\"Allow\",\"Resource\":[\"arn:aws:dynamodb:us-west-1:211125324204:table/Viajes\",\"arn:aws:dynamodb:us-west-1:211125324204:table/ViajeDestino\",\"arn:aws:dynamodb:us-west-1:211125324204:table/ViajeOrigen\"]}],\"Version\":\"2012-10-17\"}",
            "policy_id": "ANPATCKAMZGWB3WXJMP7U",
            "tags": null,
            "tags_all": {
              "department": "Innovation",
              "environment": "development",
              "owner": "euroo"
            }
          },
          "sensitive_attributes": [],
          "private": "bnVsbA==",
          "dependencies": [
            "data.aws_caller_identity.current"
          ]
        }
      ]
    },
    {
      "mode": "managed",
      "type": "aws_iam_role",
      "name": "iam_for_lambda",
      "provider": "provider[\"registry.terraform.io/hashicorp/aws\"]",
      "instances": [
        {
          "schema_version": 0,
          "attributes": {
            "arn": "arn:aws:iam::211125324204:role/development_lambda",
            "assume_role_policy": "{\"Statement\":[{\"Action\":\"sts:AssumeRole\",\"Effect\":\"Allow\",\"Principal\":{\"Service\":\"lambda.amazonaws.com\"}}],\"Version\":\"2012-10-17\"}",
            "create_date": "2024-07-04T23:07:55Z",
            "description": "",
            "force_detach_policies": false,
            "id": "development_lambda",
            "inline_policy": [],
            "managed_policy_arns": [],
            "max_session_duration": 3600,
            "name": "development_lambda",
            "name_prefix": "",
            "path": "/",
            "permissions_boundary": "",
            "tags": null,
            "tags_all": {
              "department": "Innovation",
              "environment": "development",
              "owner": "euroo"
            },
            "unique_id": "AROATCKAMZGWH2MC6NZMN"
          },
          "sensitive_attributes": [],
          "private": "bnVsbA==",
          "dependencies": [
            "data.aws_iam_policy_document.assume_role"
          ]
        }
      ]
    },
    {
      "mode": "managed",
      "type": "aws_iam_role_policy_attachment",
      "name": "dynamodb_policy_attachment",
      "provider": "provider[\"registry.terraform.io/hashicorp/aws\"]",
      "instances": [
        {
          "schema_version": 0,
          "attributes": {
            "id": "development_lambda-20240704230755885700000001",
            "policy_arn": "arn:aws:iam::211125324204:policy/DynamoDBAccessForLambda",
            "role": "development_lambda"
          },
          "sensitive_attributes": [],
          "private": "bnVsbA==",
          "dependencies": [
            "aws_iam_policy.dynamodb_policy",
            "aws_iam_role.iam_for_lambda",
            "data.aws_caller_identity.current",
            "data.aws_iam_policy_document.assume_role"
          ]
        }
      ]
    },
    {
      "mode": "managed",
      "type": "aws_lambda_function",
      "name": "buscarviaje",
      "provider": "provider[\"registry.terraform.io/hashicorp/aws\"]",
      "instances": []
    },
    {
      "mode": "managed",
      "type": "aws_lambda_function",
      "name": "lambda_main",
      "provider": "provider[\"registry.terraform.io/hashicorp/aws\"]",
      "instances": []
    },
    {
      "mode": "managed",
      "type": "aws_lambda_function",
      "name": "publicarviaje1",
      "provider": "provider[\"registry.terraform.io/hashicorp/aws\"]",
      "instances": []
    },
    {
      "mode": "managed",
      "type": "aws_lambda_function",
      "name": "publicarviaje2",
      "provider": "provider[\"registry.terraform.io/hashicorp/aws\"]",
      "instances": []
    }
  ],
  "check_results": null
}
